
Microsoft Visual Studio Solution File, Format Version 12.00
# Visual Studio Version 16
VisualStudioVersion = 16.0.30804.86
MinimumVisualStudioVersion = 10.0.40219.1
Project("{FAE04EC0-301F-11D3-BF4B-00C04F79EFBC}") = "FinalTourService_991495134", "FinalTourService_991495134\FinalTourService_991495134.csproj", "{3A945BD7-0B6D-49A9-A475-A513C3C98B1C}"
EndProject
Project("{F184B08F-C81C-45F6-A57F-5ABD9991F28F}") = "LoginClient", "LoginClient\LoginClient.vbproj", "{CD8E53D2-B177-494B-AE08-1CEEF98E43D7}"
	ProjectSection(ProjectDependencies) = postProject
		{3A945BD7-0B6D-49A9-A475-A513C3C98B1C} = {3A945BD7-0B6D-49A9-A475-A513C3C98B1C}
	EndProjectSection
EndProject
Project("{F184B08F-C81C-45F6-A57F-5ABD9991F28F}") = "TourOperationClient", "TourOperationClient\TourOperationClient.vbproj", "{5BB267E1-0237-4704-BD41-DA3675253C3A}"
	ProjectSection(ProjectDependencies) = postProject
		{3A945BD7-0B6D-49A9-A475-A513C3C98B1C} = {3A945BD7-0B6D-49A9-A475-A513C3C98B1C}
	EndProjectSection
EndProject
Global
	GlobalSection(SolutionConfigurationPlatforms) = preSolution
		Debug|Any CPU = Debug|Any CPU
		Release|Any CPU = Release|Any CPU
	EndGlobalSection
	GlobalSection(ProjectConfigurationPlatforms) = postSolution
		{3A945BD7-0B6D-49A9-A475-A513C3C98B1C}.Debug|Any CPU.ActiveCfg = Debug|Any CPU
		{3A945BD7-0B6D-49A9-A475-A513C3C98B1C}.Debug|Any CPU.Build.0 = Debug|Any CPU
		{3A945BD7-0B6D-49A9-A475-A513C3C98B1C}.Release|Any CPU.ActiveCfg = Release|Any CPU
		{3A945BD7-0B6D-49A9-A475-A513C3C98B1C}.Release|Any CPU.Build.0 = Release|Any CPU
		{CD8E53D2-B177-494B-AE08-1CEEF98E43D7}.Debug|Any CPU.ActiveCfg = Debug|Any CPU
		{CD8E53D2-B177-494B-AE08-1CEEF98E43D7}.Debug|Any CPU.Build.0 = Debug|Any CPU
		{CD8E53D2-B177-494B-AE08-1CEEF98E43D7}.Release|Any CPU.ActiveCfg = Release|Any CPU
		{CD8E53D2-B177-494B-AE08-1CEEF98E43D7}.Release|Any CPU.Build.0 = Release|Any CPU
		{5BB267E1-0237-4704-BD41-DA3675253C3A}.Debug|Any CPU.ActiveCfg = Debug|Any CPU
		{5BB267E1-0237-4704-BD41-DA3675253C3A}.Debug|Any CPU.Build.0 = Debug|Any CPU
		{5BB267E1-0237-4704-BD41-DA3675253C3A}.Release|Any CPU.ActiveCfg = Release|Any CPU
		{5BB267E1-0237-4704-BD41-DA3675253C3A}.Release|Any CPU.Build.0 = Release|Any CPU
	EndGlobalSection
	GlobalSection(SolutionProperties) = preSolution
		HideSolutionNode = FALSE
	EndGlobalSection
	GlobalSection(ExtensibilityGlobals) = postSolution
		SolutionGuid = {64CE070A-0D9B-49B2-9FF8-2136E876B25F}
	EndGlobalSection
EndGlobal
